
Microsoft Visual Studio Solution File, Format Version 12.00
# Visual Studio Version 17
VisualStudioVersion = 17.3.32825.248
MinimumVisualStudioVersion = 10.0.40219.1
Project("{9A19103F-16F7-4668-BE54-9A1E7A4F7556}") = "BookExercise1", "BookExercise1\BookExercise1.csproj", "{F818BC02-2695-4E83-A287-3C68A388CB94}"
EndProject
Project("{FAE04EC0-301F-11D3-BF4B-00C04F79EFBC}") = "CarExercise", "CarExercise\CarExercise.csproj", "{0193FE42-EF20-49C4-A26F-7B22A1D28680}"
EndProject
Global
	GlobalSection(SolutionConfigurationPlatforms) = preSolution
		Debug|Any CPU = Debug|Any CPU
		Release|Any CPU = Release|Any CPU
	EndGlobalSection
	GlobalSection(ProjectConfigurationPlatforms) = postSolution
		{F818BC02-2695-4E83-A287-3C68A388CB94}.Debug|Any CPU.ActiveCfg = Debug|Any CPU
		{F818BC02-2695-4E83-A287-3C68A388CB94}.Debug|Any CPU.Build.0 = Debug|Any CPU
		{F818BC02-2695-4E83-A287-3C68A388CB94}.Release|Any CPU.ActiveCfg = Release|Any CPU
		{F818BC02-2695-4E83-A287-3C68A388CB94}.Release|Any CPU.Build.0 = Release|Any CPU
		{0193FE42-EF20-49C4-A26F-7B22A1D28680}.Debug|Any CPU.ActiveCfg = Debug|Any CPU
		{0193FE42-EF20-49C4-A26F-7B22A1D28680}.Debug|Any CPU.Build.0 = Debug|Any CPU
		{0193FE42-EF20-49C4-A26F-7B22A1D28680}.Release|Any CPU.ActiveCfg = Release|Any CPU
		{0193FE42-EF20-49C4-A26F-7B22A1D28680}.Release|Any CPU.Build.0 = Release|Any CPU
	EndGlobalSection
	GlobalSection(SolutionProperties) = preSolution
		HideSolutionNode = FALSE
	EndGlobalSection
	GlobalSection(ExtensibilityGlobals) = postSolution
		SolutionGuid = {8AFFCC56-1CE5-463F-B822-C8045366567F}
	EndGlobalSection
EndGlobal
